
Microsoft Visual Studio Solution File, Format Version 12.00
# Visual Studio Version 17
VisualStudioVersion = 17.10.35027.167
MinimumVisualStudioVersion = 10.0.40219.1
Project("{FAE04EC0-301F-11D3-BF4B-00C04F79EFBC}") = "WebApi_Formatter", "WebApi_Formatter\WebApi_Formatter.csproj", "{B8AF274E-B3F3-4FD8-8FA9-4BA4CD2BBB68}"
EndProject
Global
	GlobalSection(SolutionConfigurationPlatforms) = preSolution
		Debug|Any CPU = Debug|Any CPU
		Release|Any CPU = Release|Any CPU
	EndGlobalSection
	GlobalSection(ProjectConfigurationPlatforms) = postSolution
		{B8AF274E-B3F3-4FD8-8FA9-4BA4CD2BBB68}.Debug|Any CPU.ActiveCfg = Debug|Any CPU
		{B8AF274E-B3F3-4FD8-8FA9-4BA4CD2BBB68}.Debug|Any CPU.Build.0 = Debug|Any CPU
		{B8AF274E-B3F3-4FD8-8FA9-4BA4CD2BBB68}.Release|Any CPU.ActiveCfg = Release|Any CPU
		{B8AF274E-B3F3-4FD8-8FA9-4BA4CD2BBB68}.Release|Any CPU.Build.0 = Release|Any CPU
	EndGlobalSection
	GlobalSection(SolutionProperties) = preSolution
		HideSolutionNode = FALSE
	EndGlobalSection
	GlobalSection(ExtensibilityGlobals) = postSolution
		SolutionGuid = {3C7FD9B6-A99A-47BA-821B-E11AFCB0B62D}
	EndGlobalSection
EndGlobal
